<?xml version="1.0" encoding="utf-8"?>
<Project ToolsVersion="4.0" xmlns="http://schemas.microsoft.com/developer/msbuild/2003">
  <ItemGroup>
    <Filter Include="Исходные файлы">
      <UniqueIdentifier>{4FC737F1-C7A5-4376-A066-2A32D752A2FF}</UniqueIdentifier>
      <Extensions>cpp;c;cc;cxx;c++;cppm;ixx;def;odl;idl;hpj;bat;asm;asmx</Extensions>
    </Filter>
    <Filter Include="Файлы заголовков">
      <UniqueIdentifier>{93995380-89BD-4b04-88EB-625FBE52EBFB}</UniqueIdentifier>
      <Extensions>h;hh;hpp;hxx;h++;hm;inl;inc;ipp;xsd</Extensions>
    </Filter>
    <Filter Include="Файлы ресурсов">
      <UniqueIdentifier>{67DA6AB6-F800-4c08-8B7A-83BB121AAD01}</UniqueIdentifier>
      <Extensions>rc;ico;cur;bmp;dlg;rc2;rct;bin;rgs;gif;jpg;jpeg;jpe;resx;tiff;tif;png;wav;mfcribbon-ms</Extensions>
    </Filter>
    <Filter Include="Исходные файлы\gui">
      <UniqueIdentifier>{993b9f03-9a7f-4fb9-b270-db33a2ab74f2}</UniqueIdentifier>
    </Filter>
    <Filter Include="Исходные файлы\imgui">
      <UniqueIdentifier>{fd939c17-341a-4a66-bf13-5e71ed56e0b0}</UniqueIdentifier>
    </Filter>
    <Filter Include="Исходные файлы\helpers">
      <UniqueIdentifier>{b850cc9b-370b-4769-9253-169f1054fee9}</UniqueIdentifier>
    </Filter>
    <Filter Include="Файлы заголовков\helpers">
      <UniqueIdentifier>{141eb28c-1d90-4d4f-ac69-037a29dd8e24}</UniqueIdentifier>
    </Filter>
    <Filter Include="Файлы заголовков\gui">
      <UniqueIdentifier>{7d11d54d-8c91-46b0-a0b0-cc51412a4c73}</UniqueIdentifier>
    </Filter>
    <Filter Include="Файлы заголовков\imgui">
      <UniqueIdentifier>{d37d9837-2b55-438d-8200-94530044dea9}</UniqueIdentifier>
    </Filter>
  </ItemGroup>
  <ItemGroup>
    <ClCompile Include="main.cpp">
      <Filter>Исходные файлы</Filter>
    </ClCompile>
    <ClCompile Include="globals.cpp">
      <Filter>Исходные файлы</Filter>
    </ClCompile>
    <ClCompile Include="gui\gui.cpp">
      <Filter>Исходные файлы\gui</Filter>
    </ClCompile>
    <ClCompile Include="helpers\helpers.cpp">
      <Filter>Исходные файлы\helpers</Filter>
    </ClCompile>
    <ClCompile Include="imgui\imgui.cpp">
      <Filter>Исходные файлы\imgui</Filter>
    </ClCompile>
    <ClCompile Include="imgui\imgui_draw.cpp">
      <Filter>Исходные файлы\imgui</Filter>
    </ClCompile>
    <ClCompile Include="imgui\imgui_impl_dx9.cpp">
      <Filter>Исходные файлы\imgui</Filter>
    </ClCompile>
    <ClCompile Include="imgui\imgui_impl_win32.cpp">
      <Filter>Исходные файлы\imgui</Filter>
    </ClCompile>
    <ClCompile Include="imgui\imgui_widgets.cpp">
      <Filter>Исходные файлы\imgui</Filter>
    </ClCompile>
  </ItemGroup>
  <ItemGroup>
    <ClInclude Include="globals.h">
      <Filter>Файлы заголовков</Filter>
    </ClInclude>
    <ClInclude Include="wndproc.h">
      <Filter>Файлы заголовков</Filter>
    </ClInclude>
    <ClInclude Include="helpers\helpers.h">
      <Filter>Файлы заголовков\helpers</Filter>
    </ClInclude>
    <ClInclude Include="gui\gui.h">
      <Filter>Файлы заголовков\gui</Filter>
    </ClInclude>
    <ClInclude Include="imgui\imconfig.h">
      <Filter>Файлы заголовков\imgui</Filter>
    </ClInclude>
    <ClInclude Include="imgui\imgui.h">
      <Filter>Файлы заголовков\imgui</Filter>
    </ClInclude>
    <ClInclude Include="imgui\imgui_impl_dx9.h">
      <Filter>Файлы заголовков\imgui</Filter>
    </ClInclude>
    <ClInclude Include="imgui\imgui_impl_win32.h">
      <Filter>Файлы заголовков\imgui</Filter>
    </ClInclude>
    <ClInclude Include="imgui\imgui_internal.h">
      <Filter>Файлы заголовков\imgui</Filter>
    </ClInclude>
    <ClInclude Include="imgui\imstb_rectpack.h">
      <Filter>Файлы заголовков\imgui</Filter>
    </ClInclude>
    <ClInclude Include="imgui\imstb_textedit.h">
      <Filter>Файлы заголовков\imgui</Filter>
    </ClInclude>
    <ClInclude Include="imgui\imstb_truetype.h">
      <Filter>Файлы заголовков\imgui</Filter>
    </ClInclude>
    <ClInclude Include="resource.h">
      <Filter>Файлы заголовков</Filter>
    </ClInclude>
  </ItemGroup>
  <ItemGroup>
    <ResourceCompile Include="Resource.rc">
      <Filter>Файлы ресурсов</Filter>
    </ResourceCompile>
  </ItemGroup>
  <ItemGroup>
    <Image Include="youtube16.ico">
      <Filter>Файлы ресурсов</Filter>
    </Image>
  </ItemGroup>
</Project>